// !$*UTF8*$!
{
	archiveVersion = 1;
	classes = {
	};
	objectVersion = 46;
	objects = {

/* Begin PBXBuildFile section */
		69ABCB6B1DD8278700D0D341 /* AppDelegate.swift in Sources */ = {isa = PBXBuildFile; fileRef = 69ABCB6A1DD8278700D0D341 /* AppDelegate.swift */; };
		69ABCB6D1DD8278700D0D341 /* ViewController.swift in Sources */ = {isa = PBXBuildFile; fileRef = 69ABCB6C1DD8278700D0D341 /* ViewController.swift */; };
		69ABCB701DD8278700D0D341 /* Main.storyboard in Resources */ = {isa = PBXBuildFile; fileRef = 69ABCB6E1DD8278700D0D341 /* Main.storyboard */; };
		69ABCB721DD8278700D0D341 /* Assets.xcassets in Resources */ = {isa = PBXBuildFile; fileRef = 69ABCB711DD8278700D0D341 /* Assets.xcassets */; };
		69ABCB751DD8278700D0D341 /* LaunchScreen.storyboard in Resources */ = {isa = PBXBuildFile; fileRef = 69ABCB731DD8278700D0D341 /* LaunchScreen.storyboard */; };
		69ABCB801DD8278700D0D341 /* TestTests.swift in Sources */ = {isa = PBXBuildFile; fileRef = 69ABCB7F1DD8278700D0D341 /* TestTests.swift */; };
		69ABCB8B1DD8278700D0D341 /* TestUITests.swift in Sources */ = {isa = PBXBuildFile; fileRef = 69ABCB8A1DD8278700D0D341 /* TestUITests.swift */; };
		69ABCB991DD827B800D0D341 /* ChessTableViewCell.swift in Sources */ = {isa = PBXBuildFile; fileRef = 69ABCB981DD827B800D0D341 /* ChessTableViewCell.swift */; };
		69ABCB9B1DD827CA00D0D341 /* ChessTableViewCell.xib in Resources */ = {isa = PBXBuildFile; fileRef = 69ABCB9A1DD827CA00D0D341 /* ChessTableViewCell.xib */; };
		69ABCB9D1DD82DC600D0D341 /* FeedDisplayable.swift in Sources */ = {isa = PBXBuildFile; fileRef = 69ABCB9C1DD82DC600D0D341 /* FeedDisplayable.swift */; };
		69ABCBA61DD82EB100D0D341 /* Chess.swift in Sources */ = {isa = PBXBuildFile; fileRef = 69ABCBA51DD82EB100D0D341 /* Chess.swift */; };
		69ABCBA81DD82FC000D0D341 /* Golf.swift in Sources */ = {isa = PBXBuildFile; fileRef = 69ABCBA71DD82FC000D0D341 /* Golf.swift */; };
		69ABCBAA1DD82FDB00D0D341 /* Tennis.swift in Sources */ = {isa = PBXBuildFile; fileRef = 69ABCBA91DD82FDB00D0D341 /* Tennis.swift */; };
		69ABCBAE1DD8309800D0D341 /* TennisTableViewCell.swift in Sources */ = {isa = PBXBuildFile; fileRef = 69ABCBAC1DD8309800D0D341 /* TennisTableViewCell.swift */; };
		69ABCBAF1DD8309800D0D341 /* TennisTableViewCell.xib in Resources */ = {isa = PBXBuildFile; fileRef = 69ABCBAD1DD8309800D0D341 /* TennisTableViewCell.xib */; };
		69ABCBB31DD830C100D0D341 /* GolfTableViewCell.swift in Sources */ = {isa = PBXBuildFile; fileRef = 69ABCBB11DD830C100D0D341 /* GolfTableViewCell.swift */; };
		69ABCBB41DD830C100D0D341 /* GolfTableViewCell.xib in Resources */ = {isa = PBXBuildFile; fileRef = 69ABCBB21DD830C100D0D341 /* GolfTableViewCell.xib */; };
		69ABCBF51DD8444F00D0D341 /* ChessCollectionViewCell.swift in Sources */ = {isa = PBXBuildFile; fileRef = 69ABCBF31DD8444F00D0D341 /* ChessCollectionViewCell.swift */; };
		69ABCBF61DD8444F00D0D341 /* ChessCollectionViewCell.xib in Resources */ = {isa = PBXBuildFile; fileRef = 69ABCBF41DD8444F00D0D341 /* ChessCollectionViewCell.xib */; };
		69ABCBFC1DD8494900D0D341 /* images (1).jpeg in Resources */ = {isa = PBXBuildFile; fileRef = 69ABCBF71DD8494900D0D341 /* images (1).jpeg */; };
		69ABCBFD1DD8494900D0D341 /* images (2).jpeg in Resources */ = {isa = PBXBuildFile; fileRef = 69ABCBF81DD8494900D0D341 /* images (2).jpeg */; };
		69ABCBFE1DD8494900D0D341 /* images (3).jpeg in Resources */ = {isa = PBXBuildFile; fileRef = 69ABCBF91DD8494900D0D341 /* images (3).jpeg */; };
		69ABCBFF1DD8494900D0D341 /* images (4).jpeg in Resources */ = {isa = PBXBuildFile; fileRef = 69ABCBFA1DD8494900D0D341 /* images (4).jpeg */; };
		69ABCC001DD8494900D0D341 /* images.jpeg in Resources */ = {isa = PBXBuildFile; fileRef = 69ABCBFB1DD8494900D0D341 /* images.jpeg */; };
/* End PBXBuildFile section */

/* Begin PBXContainerItemProxy section */
		69ABCB7C1DD8278700D0D341 /* PBXContainerItemProxy */ = {
			isa = PBXContainerItemProxy;
			containerPortal = 69ABCB5F1DD8278700D0D341 /* Project object */;
			proxyType = 1;
			remoteGlobalIDString = 69ABCB661DD8278700D0D341;
			remoteInfo = Test;
		};
		69ABCB871DD8278700D0D341 /* PBXContainerItemProxy */ = {
			isa = PBXContainerItemProxy;
			containerPortal = 69ABCB5F1DD8278700D0D341 /* Project object */;
			proxyType = 1;
			remoteGlobalIDString = 69ABCB661DD8278700D0D341;
			remoteInfo = Test;
		};
/* End PBXContainerItemProxy section */

/* Begin PBXFileReference section */
		69ABCB671DD8278700D0D341 /* Test.app */ = {isa = PBXFileReference; explicitFileType = wrapper.application; includeInIndex = 0; path = Test.app; sourceTree = BUILT_PRODUCTS_DIR; };
		69ABCB6A1DD8278700D0D341 /* AppDelegate.swift */ = {isa = PBXFileReference; lastKnownFileType = sourcecode.swift; path = AppDelegate.swift; sourceTree = "<group>"; };
		69ABCB6C1DD8278700D0D341 /* ViewController.swift */ = {isa = PBXFileReference; lastKnownFileType = sourcecode.swift; path = ViewController.swift; sourceTree = "<group>"; };
		69ABCB6F1DD8278700D0D341 /* Base */ = {isa = PBXFileReference; lastKnownFileType = file.storyboard; name = Base; path = Base.lproj/Main.storyboard; sourceTree = "<group>"; };
		69ABCB711DD8278700D0D341 /* Assets.xcassets */ = {isa = PBXFileReference; lastKnownFileType = folder.assetcatalog; path = Assets.xcassets; sourceTree = "<group>"; };
		69ABCB741DD8278700D0D341 /* Base */ = {isa = PBXFileReference; lastKnownFileType = file.storyboard; name = Base; path = Base.lproj/LaunchScreen.storyboard; sourceTree = "<group>"; };
		69ABCB761DD8278700D0D341 /* Info.plist */ = {isa = PBXFileReference; lastKnownFileType = text.plist.xml; path = Info.plist; sourceTree = "<group>"; };
		69ABCB7B1DD8278700D0D341 /* TestTests.xctest */ = {isa = PBXFileReference; explicitFileType = wrapper.cfbundle; includeInIndex = 0; path = TestTests.xctest; sourceTree = BUILT_PRODUCTS_DIR; };
		69ABCB7F1DD8278700D0D341 /* TestTests.swift */ = {isa = PBXFileReference; lastKnownFileType = sourcecode.swift; path = TestTests.swift; sourceTree = "<group>"; };
		69ABCB811DD8278700D0D341 /* Info.plist */ = {isa = PBXFileReference; lastKnownFileType = text.plist.xml; path = Info.plist; sourceTree = "<group>"; };
		69ABCB861DD8278700D0D341 /* TestUITests.xctest */ = {isa = PBXFileReference; explicitFileType = wrapper.cfbundle; includeInIndex = 0; path = TestUITests.xctest; sourceTree = BUILT_PRODUCTS_DIR; };
		69ABCB8A1DD8278700D0D341 /* TestUITests.swift */ = {isa = PBXFileReference; lastKnownFileType = sourcecode.swift; path = TestUITests.swift; sourceTree = "<group>"; };
		69ABCB8C1DD8278700D0D341 /* Info.plist */ = {isa = PBXFileReference; lastKnownFileType = text.plist.xml; path = Info.plist; sourceTree = "<group>"; };
		69ABCB981DD827B800D0D341 /* ChessTableViewCell.swift */ = {isa = PBXFileReference; fileEncoding = 4; lastKnownFileType = sourcecode.swift; path = ChessTableViewCell.swift; sourceTree = "<group>"; };
		69ABCB9A1DD827CA00D0D341 /* ChessTableViewCell.xib */ = {isa = PBXFileReference; fileEncoding = 4; lastKnownFileType = file.xib; path = ChessTableViewCell.xib; sourceTree = "<group>"; };
		69ABCB9C1DD82DC600D0D341 /* FeedDisplayable.swift */ = {isa = PBXFileReference; fileEncoding = 4; lastKnownFileType = sourcecode.swift; path = FeedDisplayable.swift; sourceTree = "<group>"; };
		69ABCBA51DD82EB100D0D341 /* Chess.swift */ = {isa = PBXFileReference; fileEncoding = 4; lastKnownFileType = sourcecode.swift; path = Chess.swift; sourceTree = "<group>"; };
		69ABCBA71DD82FC000D0D341 /* Golf.swift */ = {isa = PBXFileReference; fileEncoding = 4; lastKnownFileType = sourcecode.swift; path = Golf.swift; sourceTree = "<group>"; };
		69ABCBA91DD82FDB00D0D341 /* Tennis.swift */ = {isa = PBXFileReference; fileEncoding = 4; lastKnownFileType = sourcecode.swift; path = Tennis.swift; sourceTree = "<group>"; };
		69ABCBAC1DD8309800D0D341 /* TennisTableViewCell.swift */ = {isa = PBXFileReference; fileEncoding = 4; lastKnownFileType = sourcecode.swift; path = TennisTableViewCell.swift; sourceTree = "<group>"; };
		69ABCBAD1DD8309800D0D341 /* TennisTableViewCell.xib */ = {isa = PBXFileReference; fileEncoding = 4; lastKnownFileType = file.xib; path = TennisTableViewCell.xib; sourceTree = "<group>"; };
		69ABCBB11DD830C100D0D341 /* GolfTableViewCell.swift */ = {isa = PBXFileReference; fileEncoding = 4; lastKnownFileType = sourcecode.swift; path = GolfTableViewCell.swift; sourceTree = "<group>"; };
		69ABCBB21DD830C100D0D341 /* GolfTableViewCell.xib */ = {isa = PBXFileReference; fileEncoding = 4; lastKnownFileType = file.xib; path = GolfTableViewCell.xib; sourceTree = "<group>"; };
		69ABCBF31DD8444F00D0D341 /* ChessCollectionViewCell.swift */ = {isa = PBXFileReference; fileEncoding = 4; lastKnownFileType = sourcecode.swift; path = ChessCollectionViewCell.swift; sourceTree = "<group>"; };
		69ABCBF41DD8444F00D0D341 /* ChessCollectionViewCell.xib */ = {isa = PBXFileReference; fileEncoding = 4; lastKnownFileType = file.xib; path = ChessCollectionViewCell.xib; sourceTree = "<group>"; };
		69ABCBF71DD8494900D0D341 /* images (1).jpeg */ = {isa = PBXFileReference; lastKnownFileType = image.jpeg; path = "images (1).jpeg"; sourceTree = "<group>"; };
		69ABCBF81DD8494900D0D341 /* images (2).jpeg */ = {isa = PBXFileReference; lastKnownFileType = image.jpeg; path = "images (2).jpeg"; sourceTree = "<group>"; };
		69ABCBF91DD8494900D0D341 /* images (3).jpeg */ = {isa = PBXFileReference; lastKnownFileType = image.jpeg; path = "images (3).jpeg"; sourceTree = "<group>"; };
		69ABCBFA1DD8494900D0D341 /* images (4).jpeg */ = {isa = PBXFileReference; lastKnownFileType = image.jpeg; path = "images (4).jpeg"; sourceTree = "<group>"; };
		69ABCBFB1DD8494900D0D341 /* images.jpeg */ = {isa = PBXFileReference; lastKnownFileType = image.jpeg; path = images.jpeg; sourceTree = "<group>"; };
/* End PBXFileReference section */

/* Begin PBXFrameworksBuildPhase section */
		69ABCB641DD8278700D0D341 /* Frameworks */ = {
			isa = PBXFrameworksBuildPhase;
			buildActionMask = 2147483647;
			files = (
			);
			runOnlyForDeploymentPostprocessing = 0;
		};
		69ABCB781DD8278700D0D341 /* Frameworks */ = {
			isa = PBXFrameworksBuildPhase;
			buildActionMask = 2147483647;
			files = (
			);
			runOnlyForDeploymentPostprocessing = 0;
		};
		69ABCB831DD8278700D0D341 /* Frameworks */ = {
			isa = PBXFrameworksBuildPhase;
			buildActionMask = 2147483647;
			files = (
			);
			runOnlyForDeploymentPostprocessing = 0;
		};
/* End PBXFrameworksBuildPhase section */

/* Begin PBXGroup section */
		69ABCB5E1DD8278700D0D341 = {
			isa = PBXGroup;
			children = (
				69ABCB691DD8278700D0D341 /* Test */,
				69ABCB7E1DD8278700D0D341 /* TestTests */,
				69ABCB891DD8278700D0D341 /* TestUITests */,
				69ABCB681DD8278700D0D341 /* Products */,
			);
			sourceTree = "<group>";
		};
		69ABCB681DD8278700D0D341 /* Products */ = {
			isa = PBXGroup;
			children = (
				69ABCB671DD8278700D0D341 /* Test.app */,
				69ABCB7B1DD8278700D0D341 /* TestTests.xctest */,
				69ABCB861DD8278700D0D341 /* TestUITests.xctest */,
			);
			name = Products;
			sourceTree = "<group>";
		};
		69ABCB691DD8278700D0D341 /* Test */ = {
			isa = PBXGroup;
			children = (
				69ABCC011DD8495100D0D341 /* Assets */,
				69ABCBA41DD82E8800D0D341 /* Application */,
				69ABCBA11DD82E6B00D0D341 /* Views */,
				69ABCBA01DD82E6500D0D341 /* ViewControllers */,
				69ABCB9F1DD82E6000D0D341 /* Protocols */,
				69ABCB9E1DD82E5B00D0D341 /* Models */,
			);
			path = Test;
			sourceTree = "<group>";
		};
		69ABCB7E1DD8278700D0D341 /* TestTests */ = {
			isa = PBXGroup;
			children = (
				69ABCB7F1DD8278700D0D341 /* TestTests.swift */,
				69ABCB811DD8278700D0D341 /* Info.plist */,
			);
			path = TestTests;
			sourceTree = "<group>";
		};
		69ABCB891DD8278700D0D341 /* TestUITests */ = {
			isa = PBXGroup;
			children = (
				69ABCB8A1DD8278700D0D341 /* TestUITests.swift */,
				69ABCB8C1DD8278700D0D341 /* Info.plist */,
			);
			path = TestUITests;
			sourceTree = "<group>";
		};
		69ABCB9E1DD82E5B00D0D341 /* Models */ = {
			isa = PBXGroup;
			children = (
				69ABCBA51DD82EB100D0D341 /* Chess.swift */,
				69ABCBA71DD82FC000D0D341 /* Golf.swift */,
				69ABCBA91DD82FDB00D0D341 /* Tennis.swift */,
			);
			name = Models;
			sourceTree = "<group>";
		};
		69ABCB9F1DD82E6000D0D341 /* Protocols */ = {
			isa = PBXGroup;
			children = (
				69ABCB9C1DD82DC600D0D341 /* FeedDisplayable.swift */,
			);
			name = Protocols;
			sourceTree = "<group>";
		};
		69ABCBA01DD82E6500D0D341 /* ViewControllers */ = {
			isa = PBXGroup;
			children = (
				69ABCB6C1DD8278700D0D341 /* ViewController.swift */,
			);
			name = ViewControllers;
			sourceTree = "<group>";
		};
		69ABCBA11DD82E6B00D0D341 /* Views */ = {
			isa = PBXGroup;
			children = (
				69ABCBF11DD8442800D0D341 /* CollectionViewCell */,
				69ABCB6E1DD8278700D0D341 /* Main.storyboard */,
				69ABCBA21DD82E6F00D0D341 /* TableViewCells */,
			);
			name = Views;
			sourceTree = "<group>";
		};
		69ABCBA21DD82E6F00D0D341 /* TableViewCells */ = {
			isa = PBXGroup;
			children = (
				69ABCBB01DD830AC00D0D341 /* GolfTableViewCell */,
				69ABCBAB1DD8308600D0D341 /* TennisTableViewCell */,
				69ABCBA31DD82E7900D0D341 /* ChessTableViewCell */,
			);
			name = TableViewCells;
			sourceTree = "<group>";
		};
		69ABCBA31DD82E7900D0D341 /* ChessTableViewCell */ = {
			isa = PBXGroup;
			children = (
				69ABCB981DD827B800D0D341 /* ChessTableViewCell.swift */,
				69ABCB9A1DD827CA00D0D341 /* ChessTableViewCell.xib */,
			);
			name = ChessTableViewCell;
			sourceTree = "<group>";
		};
		69ABCBA41DD82E8800D0D341 /* Application */ = {
			isa = PBXGroup;
			children = (
				69ABCB6A1DD8278700D0D341 /* AppDelegate.swift */,
				69ABCB711DD8278700D0D341 /* Assets.xcassets */,
				69ABCB731DD8278700D0D341 /* LaunchScreen.storyboard */,
				69ABCB761DD8278700D0D341 /* Info.plist */,
			);
			name = Application;
			sourceTree = "<group>";
		};
		69ABCBAB1DD8308600D0D341 /* TennisTableViewCell */ = {
			isa = PBXGroup;
			children = (
				69ABCBAC1DD8309800D0D341 /* TennisTableViewCell.swift */,
				69ABCBAD1DD8309800D0D341 /* TennisTableViewCell.xib */,
			);
			name = TennisTableViewCell;
			sourceTree = "<group>";
		};
		69ABCBB01DD830AC00D0D341 /* GolfTableViewCell */ = {
			isa = PBXGroup;
			children = (
				69ABCBB11DD830C100D0D341 /* GolfTableViewCell.swift */,
				69ABCBB21DD830C100D0D341 /* GolfTableViewCell.xib */,
			);
			name = GolfTableViewCell;
			sourceTree = "<group>";
		};
		69ABCBF11DD8442800D0D341 /* CollectionViewCell */ = {
			isa = PBXGroup;
			children = (
				69ABCBF21DD8442E00D0D341 /* ChessCollectionViewCell */,
			);
			name = CollectionViewCell;
			sourceTree = "<group>";
		};
		69ABCBF21DD8442E00D0D341 /* ChessCollectionViewCell */ = {
			isa = PBXGroup;
			children = (
				69ABCBF31DD8444F00D0D341 /* ChessCollectionViewCell.swift */,
				69ABCBF41DD8444F00D0D341 /* ChessCollectionViewCell.xib */,
			);
			name = ChessCollectionViewCell;
			sourceTree = "<group>";
		};
		69ABCC011DD8495100D0D341 /* Assets */ = {
			isa = PBXGroup;
			children = (
				69ABCBFB1DD8494900D0D341 /* images.jpeg */,
				69ABCBF71DD8494900D0D341 /* images (1).jpeg */,
				69ABCBF81DD8494900D0D341 /* images (2).jpeg */,
				69ABCBF91DD8494900D0D341 /* images (3).jpeg */,
				69ABCBFA1DD8494900D0D341 /* images (4).jpeg */,
			);
			name = Assets;
			sourceTree = "<group>";
		};
/* End PBXGroup section */

/* Begin PBXNativeTarget section */
		69ABCB661DD8278700D0D341 /* Test */ = {
			isa = PBXNativeTarget;
			buildConfigurationList = 69ABCB8F1DD8278700D0D341 /* Build configuration list for PBXNativeTarget "Test" */;
			buildPhases = (
				69ABCB631DD8278700D0D341 /* Sources */,
				69ABCB641DD8278700D0D341 /* Frameworks */,
				69ABCB651DD8278700D0D341 /* Resources */,
			);
			buildRules = (
			);
			dependencies = (
			);
			name = Test;
			productName = Test;
			productReference = 69ABCB671DD8278700D0D341 /* Test.app */;
			productType = "com.apple.product-type.application";
		};
		69ABCB7A1DD8278700D0D341 /* TestTests */ = {
			isa = PBXNativeTarget;
			buildConfigurationList = 69ABCB921DD8278700D0D341 /* Build configuration list for PBXNativeTarget "TestTests" */;
			buildPhases = (
				69ABCB771DD8278700D0D341 /* Sources */,
				69ABCB781DD8278700D0D341 /* Frameworks */,
				69ABCB791DD8278700D0D341 /* Resources */,
			);
			buildRules = (
			);
			dependencies = (
				69ABCB7D1DD8278700D0D341 /* PBXTargetDependency */,
			);
			name = TestTests;
			productName = TestTests;
			productReference = 69ABCB7B1DD8278700D0D341 /* TestTests.xctest */;
			productType = "com.apple.product-type.bundle.unit-test";
		};
		69ABCB851DD8278700D0D341 /* TestUITests */ = {
			isa = PBXNativeTarget;
			buildConfigurationList = 69ABCB951DD8278700D0D341 /* Build configuration list for PBXNativeTarget "TestUITests" */;
			buildPhases = (
				69ABCB821DD8278700D0D341 /* Sources */,
				69ABCB831DD8278700D0D341 /* Frameworks */,
				69ABCB841DD8278700D0D341 /* Resources */,
			);
			buildRules = (
			);
			dependencies = (
				69ABCB881DD8278700D0D341 /* PBXTargetDependency */,
			);
			name = TestUITests;
			productName = TestUITests;
			productReference = 69ABCB861DD8278700D0D341 /* TestUITests.xctest */;
			productType = "com.apple.product-type.bundle.ui-testing";
		};
/* End PBXNativeTarget section */

/* Begin PBXProject section */
		69ABCB5F1DD8278700D0D341 /* Project object */ = {
			isa = PBXProject;
			attributes = {
				LastSwiftUpdateCheck = 0810;
				LastUpgradeCheck = 0810;
				ORGANIZATIONNAME = "Avismara HL";
				TargetAttributes = {
					69ABCB661DD8278700D0D341 = {
						CreatedOnToolsVersion = 8.1;
						ProvisioningStyle = Automatic;
					};
					69ABCB7A1DD8278700D0D341 = {
						CreatedOnToolsVersion = 8.1;
						ProvisioningStyle = Automatic;
						TestTargetID = 69ABCB661DD8278700D0D341;
					};
					69ABCB851DD8278700D0D341 = {
						CreatedOnToolsVersion = 8.1;
						ProvisioningStyle = Automatic;
						TestTargetID = 69ABCB661DD8278700D0D341;
					};
				};
			};
			buildConfigurationList = 69ABCB621DD8278700D0D341 /* Build configuration list for PBXProject "Test" */;
			compatibilityVersion = "Xcode 3.2";
			developmentRegion = English;
			hasScannedForEncodings = 0;
			knownRegions = (
				en,
				Base,
			);
			mainGroup = 69ABCB5E1DD8278700D0D341;
			productRefGroup = 69ABCB681DD8278700D0D341 /* Products */;
			projectDirPath = "";
			projectRoot = "";
			targets = (
				69ABCB661DD8278700D0D341 /* Test */,
				69ABCB7A1DD8278700D0D341 /* TestTests */,
				69ABCB851DD8278700D0D341 /* TestUITests */,
			);
		};
/* End PBXProject section */

/* Begin PBXResourcesBuildPhase section */
		69ABCB651DD8278700D0D341 /* Resources */ = {
			isa = PBXResourcesBuildPhase;
			buildActionMask = 2147483647;
			files = (
				69ABCBFD1DD8494900D0D341 /* images (2).jpeg in Resources */,
				69ABCBB41DD830C100D0D341 /* GolfTableViewCell.xib in Resources */,
				69ABCB751DD8278700D0D341 /* LaunchScreen.storyboard in Resources */,
				69ABCBFE1DD8494900D0D341 /* images (3).jpeg in Resources */,
				69ABCB9B1DD827CA00D0D341 /* ChessTableViewCell.xib in Resources */,
				69ABCC001DD8494900D0D341 /* images.jpeg in Resources */,
				69ABCBFC1DD8494900D0D341 /* images (1).jpeg in Resources */,
				69ABCB721DD8278700D0D341 /* Assets.xcassets in Resources */,
				69ABCBAF1DD8309800D0D341 /* TennisTableViewCell.xib in Resources */,
				69ABCBFF1DD8494900D0D341 /* images (4).jpeg in Resources */,
				69ABCBF61DD8444F00D0D341 /* ChessCollectionViewCell.xib in Resources */,
				69ABCB701DD8278700D0D341 /* Main.storyboard in Resources */,
			);
			runOnlyForDeploymentPostprocessing = 0;
		};
		69ABCB791DD8278700D0D341 /* Resources */ = {
			isa = PBXResourcesBuildPhase;
			buildActionMask = 2147483647;
			files = (
			);
			runOnlyForDeploymentPostprocessing = 0;
		};
		69ABCB841DD8278700D0D341 /* Resources */ = {
			isa = PBXResourcesBuildPhase;
			buildActionMask = 2147483647;
			files = (
			);
			runOnlyForDeploymentPostprocessing = 0;
		};
/* End PBXResourcesBuildPhase section */

/* Begin PBXSourcesBuildPhase section */
		69ABCB631DD8278700D0D341 /* Sources */ = {
			isa = PBXSourcesBuildPhase;
			buildActionMask = 2147483647;
			files = (
				69ABCBAE1DD8309800D0D341 /* TennisTableViewCell.swift in Sources */,
				69ABCB6D1DD8278700D0D341 /* ViewController.swift in Sources */,
				69ABCB6B1DD8278700D0D341 /* AppDelegate.swift in Sources */,
				69ABCBF51DD8444F00D0D341 /* ChessCollectionViewCell.swift in Sources */,
				69ABCBAA1DD82FDB00D0D341 /* Tennis.swift in Sources */,
				69ABCB9D1DD82DC600D0D341 /* FeedDisplayable.swift in Sources */,
				69ABCBA81DD82FC000D0D341 /* Golf.swift in Sources */,
				69ABCBB31DD830C100D0D341 /* GolfTableViewCell.swift in Sources */,
				69ABCBA61DD82EB100D0D341 /* Chess.swift in Sources */,
				69ABCB991DD827B800D0D341 /* ChessTableViewCell.swift in Sources */,
			);
			runOnlyForDeploymentPostprocessing = 0;
		};
		69ABCB771DD8278700D0D341 /* Sources */ = {
			isa = PBXSourcesBuildPhase;
			buildActionMask = 2147483647;
			files = (
				69ABCB801DD8278700D0D341 /* TestTests.swift in Sources */,
			);
			runOnlyForDeploymentPostprocessing = 0;
		};
		69ABCB821DD8278700D0D341 /* Sources */ = {
			isa = PBXSourcesBuildPhase;
			buildActionMask = 2147483647;
			files = (
				69ABCB8B1DD8278700D0D341 /* TestUITests.swift in Sources */,
			);
			runOnlyForDeploymentPostprocessing = 0;
		};
/* End PBXSourcesBuildPhase section */

/* Begin PBXTargetDependency section */
		69ABCB7D1DD8278700D0D341 /* PBXTargetDependency */ = {
			isa = PBXTargetDependency;
			target = 69ABCB661DD8278700D0D341 /* Test */;
			targetProxy = 69ABCB7C1DD8278700D0D341 /* PBXContainerItemProxy */;
		};
		69ABCB881DD8278700D0D341 /* PBXTargetDependency */ = {
			isa = PBXTargetDependency;
			target = 69ABCB661DD8278700D0D341 /* Test */;
			targetProxy = 69ABCB871DD8278700D0D341 /* PBXContainerItemProxy */;
		};
/* End PBXTargetDependency section */

/* Begin PBXVariantGroup section */
		69ABCB6E1DD8278700D0D341 /* Main.storyboard */ = {
			isa = PBXVariantGroup;
			children = (
				69ABCB6F1DD8278700D0D341 /* Base */,
			);
			name = Main.storyboard;
			sourceTree = "<group>";
		};
		69ABCB731DD8278700D0D341 /* LaunchScreen.storyboard */ = {
			isa = PBXVariantGroup;
			children = (
				69ABCB741DD8278700D0D341 /* Base */,
			);
			name = LaunchScreen.storyboard;
			sourceTree = "<group>";
		};
/* End PBXVariantGroup section */

/* Begin XCBuildConfiguration section */
		69ABCB8D1DD8278700D0D341 /* Debug */ = {
			isa = XCBuildConfiguration;
			buildSettings = {
				ALWAYS_SEARCH_USER_PATHS = NO;
				CLANG_ANALYZER_NONNULL = YES;
				CLANG_CXX_LANGUAGE_STANDARD = "gnu++0x";
				CLANG_CXX_LIBRARY = "libc++";
				CLANG_ENABLE_MODULES = YES;
				CLANG_ENABLE_OBJC_ARC = YES;
				CLANG_WARN_BOOL_CONVERSION = YES;
				CLANG_WARN_CONSTANT_CONVERSION = YES;
				CLANG_WARN_DIRECT_OBJC_ISA_USAGE = YES_ERROR;
				CLANG_WARN_DOCUMENTATION_COMMENTS = YES;
				CLANG_WARN_EMPTY_BODY = YES;
				CLANG_WARN_ENUM_CONVERSION = YES;
				CLANG_WARN_INFINITE_RECURSION = YES;
				CLANG_WARN_INT_CONVERSION = YES;
				CLANG_WARN_OBJC_ROOT_CLASS = YES_ERROR;
				CLANG_WARN_SUSPICIOUS_MOVES = YES;
				CLANG_WARN_UNREACHABLE_CODE = YES;
				CLANG_WARN__DUPLICATE_METHOD_MATCH = YES;
				"CODE_SIGN_IDENTITY[sdk=iphoneos*]" = "iPhone Developer";
				COPY_PHASE_STRIP = NO;
				DEBUG_INFORMATION_FORMAT = dwarf;
				ENABLE_STRICT_OBJC_MSGSEND = YES;
				ENABLE_TESTABILITY = YES;
				GCC_C_LANGUAGE_STANDARD = gnu99;
				GCC_DYNAMIC_NO_PIC = NO;
				GCC_NO_COMMON_BLOCKS = YES;
				GCC_OPTIMIZATION_LEVEL = 0;
				GCC_PREPROCESSOR_DEFINITIONS = (
					"DEBUG=1",
					"$(inherited)",
				);
				GCC_WARN_64_TO_32_BIT_CONVERSION = YES;
				GCC_WARN_ABOUT_RETURN_TYPE = YES_ERROR;
				GCC_WARN_UNDECLARED_SELECTOR = YES;
				GCC_WARN_UNINITIALIZED_AUTOS = YES_AGGRESSIVE;
				GCC_WARN_UNUSED_FUNCTION = YES;
				GCC_WARN_UNUSED_VARIABLE = YES;
				IPHONEOS_DEPLOYMENT_TARGET = 10.1;
				MTL_ENABLE_DEBUG_INFO = YES;
				ONLY_ACTIVE_ARCH = YES;
				SDKROOT = iphoneos;
				SWIFT_ACTIVE_COMPILATION_CONDITIONS = DEBUG;
				SWIFT_OPTIMIZATION_LEVEL = "-Onone";
				TARGETED_DEVICE_FAMILY = "1,2";
			};
			name = Debug;
		};
		69ABCB8E1DD8278700D0D341 /* Release */ = {
			isa = XCBuildConfiguration;
			buildSettings = {
				ALWAYS_SEARCH_USER_PATHS = NO;
				CLANG_ANALYZER_NONNULL = YES;
				CLANG_CXX_LANGUAGE_STANDARD = "gnu++0x";
				CLANG_CXX_LIBRARY = "libc++";
				CLANG_ENABLE_MODULES = YES;
				CLANG_ENABLE_OBJC_ARC = YES;
				CLANG_WARN_BOOL_CONVERSION = YES;
				CLANG_WARN_CONSTANT_CONVERSION = YES;
				CLANG_WARN_DIRECT_OBJC_ISA_USAGE = YES_ERROR;
				CLANG_WARN_DOCUMENTATION_COMMENTS = YES;
				CLANG_WARN_EMPTY_BODY = YES;
				CLANG_WARN_ENUM_CONVERSION = YES;
				CLANG_WARN_INFINITE_RECURSION = YES;
				CLANG_WARN_INT_CONVERSION = YES;
				CLANG_WARN_OBJC_ROOT_CLASS = YES_ERROR;
				CLANG_WARN_SUSPICIOUS_MOVES = YES;
				CLANG_WARN_UNREACHABLE_CODE = YES;
				CLANG_WARN__DUPLICATE_METHOD_MATCH = YES;
				"CODE_SIGN_IDENTITY[sdk=iphoneos*]" = "iPhone Developer";
				COPY_PHASE_STRIP = NO;
				DEBUG_INFORMATION_FORMAT = "dwarf-with-dsym";
				ENABLE_NS_ASSERTIONS = NO;
				ENABLE_STRICT_OBJC_MSGSEND = YES;
				GCC_C_LANGUAGE_STANDARD = gnu99;
				GCC_NO_COMMON_BLOCKS = YES;
				GCC_WARN_64_TO_32_BIT_CONVERSION = YES;
				GCC_WARN_ABOUT_RETURN_TYPE = YES_ERROR;
				GCC_WARN_UNDECLARED_SELECTOR = YES;
				GCC_WARN_UNINITIALIZED_AUTOS = YES_AGGRESSIVE;
				GCC_WARN_UNUSED_FUNCTION = YES;
				GCC_WARN_UNUSED_VARIABLE = YES;
				IPHONEOS_DEPLOYMENT_TARGET = 10.1;
				MTL_ENABLE_DEBUG_INFO = NO;
				SDKROOT = iphoneos;
				SWIFT_OPTIMIZATION_LEVEL = "-Owholemodule";
				TARGETED_DEVICE_FAMILY = "1,2";
				VALIDATE_PRODUCT = YES;
			};
			name = Release;
		};
		69ABCB901DD8278700D0D341 /* Debug */ = {
			isa = XCBuildConfiguration;
			buildSettings = {
				ASSETCATALOG_COMPILER_APPICON_NAME = AppIcon;
				INFOPLIST_FILE = Test/Info.plist;
				LD_RUNPATH_SEARCH_PATHS = "$(inherited) @executable_path/Frameworks";
				PRODUCT_BUNDLE_IDENTIFIER = com.Test;
				PRODUCT_NAME = "$(TARGET_NAME)";
				SWIFT_VERSION = 3.0;
			};
			name = Debug;
		};
		69ABCB911DD8278700D0D341 /* Release */ = {
			isa = XCBuildConfiguration;
			buildSettings = {
				ASSETCATALOG_COMPILER_APPICON_NAME = AppIcon;
				INFOPLIST_FILE = Test/Info.plist;
				LD_RUNPATH_SEARCH_PATHS = "$(inherited) @executable_path/Frameworks";
				PRODUCT_BUNDLE_IDENTIFIER = com.Test;
				PRODUCT_NAME = "$(TARGET_NAME)";
				SWIFT_VERSION = 3.0;
			};
			name = Release;
		};
		69ABCB931DD8278700D0D341 /* Debug */ = {
			isa = XCBuildConfiguration;
			buildSettings = {
				ALWAYS_EMBED_SWIFT_STANDARD_LIBRARIES = YES;
				BUNDLE_LOADER = "$(TEST_HOST)";
				INFOPLIST_FILE = TestTests/Info.plist;
				LD_RUNPATH_SEARCH_PATHS = "$(inherited) @executable_path/Frameworks @loader_path/Frameworks";
				PRODUCT_BUNDLE_IDENTIFIER = com.TestTests;
				PRODUCT_NAME = "$(TARGET_NAME)";
				SWIFT_VERSION = 3.0;
				TEST_HOST = "$(BUILT_PRODUCTS_DIR)/Test.app/Test";
			};
			name = Debug;
		};
		69ABCB941DD8278700D0D341 /* Release */ = {
			isa = XCBuildConfiguration;
			buildSettings = {
				ALWAYS_EMBED_SWIFT_STANDARD_LIBRARIES = YES;
				BUNDLE_LOADER = "$(TEST_HOST)";
				INFOPLIST_FILE = TestTests/Info.plist;
				LD_RUNPATH_SEARCH_PATHS = "$(inherited) @executable_path/Frameworks @loader_path/Frameworks";
				PRODUCT_BUNDLE_IDENTIFIER = com.TestTests;
				PRODUCT_NAME = "$(TARGET_NAME)";
				SWIFT_VERSION = 3.0;
				TEST_HOST = "$(BUILT_PRODUCTS_DIR)/Test.app/Test";
			};
			name = Release;
		};
		69ABCB961DD8278700D0D341 /* Debug */ = {
			isa = XCBuildConfiguration;
			buildSettings = {
				ALWAYS_EMBED_SWIFT_STANDARD_LIBRARIES = YES;
				INFOPLIST_FILE = TestUITests/Info.plist;
				LD_RUNPATH_SEARCH_PATHS = "$(inherited) @executable_path/Frameworks @loader_path/Frameworks";
				PRODUCT_BUNDLE_IDENTIFIER = com.TestUITests;
				PRODUCT_NAME = "$(TARGET_NAME)";
				SWIFT_VERSION = 3.0;
				TEST_TARGET_NAME = Test;
			};
			name = Debug;
		};
		69ABCB971DD8278700D0D341 /* Release */ = {
			isa = XCBuildConfiguration;
			buildSettings = {
				ALWAYS_EMBED_SWIFT_STANDARD_LIBRARIES = YES;
				INFOPLIST_FILE = TestUITests/Info.plist;
				LD_RUNPATH_SEARCH_PATHS = "$(inherited) @executable_path/Frameworks @loader_path/Frameworks";
				PRODUCT_BUNDLE_IDENTIFIER = com.TestUITests;
				PRODUCT_NAME = "$(TARGET_NAME)";
				SWIFT_VERSION = 3.0;
				TEST_TARGET_NAME = Test;
			};
			name = Release;
		};
/* End XCBuildConfiguration section */

/* Begin XCConfigurationList section */
		69ABCB621DD8278700D0D341 /* Build configuration list for PBXProject "Test" */ = {
			isa = XCConfigurationList;
			buildConfigurations = (
				69ABCB8D1DD8278700D0D341 /* Debug */,
				69ABCB8E1DD8278700D0D341 /* Release */,
			);
			defaultConfigurationIsVisible = 0;
			defaultConfigurationName = Release;
		};
		69ABCB8F1DD8278700D0D341 /* Build configuration list for PBXNativeTarget "Test" */ = {
			isa = XCConfigurationList;
			buildConfigurations = (
				69ABCB901DD8278700D0D341 /* Debug */,
				69ABCB911DD8278700D0D341 /* Release */,
			);
			defaultConfigurationIsVisible = 0;
		};
		69ABCB921DD8278700D0D341 /* Build configuration list for PBXNativeTarget "TestTests" */ = {
			isa = XCConfigurationList;
			buildConfigurations = (
				69ABCB931DD8278700D0D341 /* Debug */,
				69ABCB941DD8278700D0D341 /* Release */,
			);
			defaultConfigurationIsVisible = 0;
		};
		69ABCB951DD8278700D0D341 /* Build configuration list for PBXNativeTarget "TestUITests" */ = {
			isa = XCConfigurationList;
			buildConfigurations = (
				69ABCB961DD8278700D0D341 /* Debug */,
				69ABCB971DD8278700D0D341 /* Release */,
			);
			defaultConfigurationIsVisible = 0;
		};
/* End XCConfigurationList section */
	};
	rootObject = 69ABCB5F1DD8278700D0D341 /* Project object */;
}
